
Microsoft Visual Studio Solution File, Format Version 12.00
# Visual Studio 14
VisualStudioVersion = 14.0.24720.0
MinimumVisualStudioVersion = 10.0.40219.1
Project("{FAE04EC0-301F-11D3-BF4B-00C04F79EFBC}") = "DAO1", "DAO1\DAO1.csproj", "{988A470B-E03C-4E8E-87DE-E95E4AEE0386}"
EndProject
Project("{FAE04EC0-301F-11D3-BF4B-00C04F79EFBC}") = "IHM", "IHM\IHM.csproj", "{4A854EA5-6EE6-4DD2-9DFB-D73C7D97F6FF}"
EndProject
Project("{FAE04EC0-301F-11D3-BF4B-00C04F79EFBC}") = "WcfWSTribuneREST", "WcfWSTribuneREST\WcfWSTribuneREST.csproj", "{367E84C1-CF42-4756-9D1D-D51CEE09799C}"
EndProject
Project("{FAE04EC0-301F-11D3-BF4B-00C04F79EFBC}") = "BLLOutils", "BLLOutils\BLLOutils.csproj", "{30F62DF7-D3F1-42E0-BF1C-EC4E7023AF0E}"
EndProject
Project("{FAE04EC0-301F-11D3-BF4B-00C04F79EFBC}") = "TribuneDevWinPhone", "TribuneDevWinPhone\TribuneDevWinPhone.csproj", "{B8E7FBBD-5B3B-4797-BA5D-D5D80E29D29F}"
EndProject
Project("{FAE04EC0-301F-11D3-BF4B-00C04F79EFBC}") = "TribuneDevMETIER", "TribuneDevMETIER\TribuneDevMETIER.csproj", "{10016007-5160-4959-BF05-E0C55C8DDDA9}"
EndProject
Project("{FAE04EC0-301F-11D3-BF4B-00C04F79EFBC}") = "ConsumeWebServiceRest", "ConsumeWebServiceRest\ConsumeWebServiceRest.csproj", "{0D5CD7BC-71CA-45CF-87B1-4350F29B56A8}"
EndProject
Project("{FAE04EC0-301F-11D3-BF4B-00C04F79EFBC}") = "TestsUnitaires", "TestsUnitaires\TestsUnitaires.csproj", "{04C1A95A-53C9-4AE0-B4AA-4010858B3DC4}"
EndProject
Global
	GlobalSection(SolutionConfigurationPlatforms) = preSolution
		Debug|Any CPU = Debug|Any CPU
		Debug|ARM = Debug|ARM
		Debug|x86 = Debug|x86
		Release|Any CPU = Release|Any CPU
		Release|ARM = Release|ARM
		Release|x86 = Release|x86
	EndGlobalSection
	GlobalSection(ProjectConfigurationPlatforms) = postSolution
		{988A470B-E03C-4E8E-87DE-E95E4AEE0386}.Debug|Any CPU.ActiveCfg = Debug|Any CPU
		{988A470B-E03C-4E8E-87DE-E95E4AEE0386}.Debug|Any CPU.Build.0 = Debug|Any CPU
		{988A470B-E03C-4E8E-87DE-E95E4AEE0386}.Debug|ARM.ActiveCfg = Debug|Any CPU
		{988A470B-E03C-4E8E-87DE-E95E4AEE0386}.Debug|ARM.Build.0 = Debug|Any CPU
		{988A470B-E03C-4E8E-87DE-E95E4AEE0386}.Debug|x86.ActiveCfg = Debug|Any CPU
		{988A470B-E03C-4E8E-87DE-E95E4AEE0386}.Debug|x86.Build.0 = Debug|Any CPU
		{988A470B-E03C-4E8E-87DE-E95E4AEE0386}.Release|Any CPU.ActiveCfg = Release|Any CPU
		{988A470B-E03C-4E8E-87DE-E95E4AEE0386}.Release|Any CPU.Build.0 = Release|Any CPU
		{988A470B-E03C-4E8E-87DE-E95E4AEE0386}.Release|ARM.ActiveCfg = Release|Any CPU
		{988A470B-E03C-4E8E-87DE-E95E4AEE0386}.Release|ARM.Build.0 = Release|Any CPU
		{988A470B-E03C-4E8E-87DE-E95E4AEE0386}.Release|x86.ActiveCfg = Release|Any CPU
		{988A470B-E03C-4E8E-87DE-E95E4AEE0386}.Release|x86.Build.0 = Release|Any CPU
		{4A854EA5-6EE6-4DD2-9DFB-D73C7D97F6FF}.Debug|Any CPU.ActiveCfg = Debug|Any CPU
		{4A854EA5-6EE6-4DD2-9DFB-D73C7D97F6FF}.Debug|Any CPU.Build.0 = Debug|Any CPU
		{4A854EA5-6EE6-4DD2-9DFB-D73C7D97F6FF}.Debug|ARM.ActiveCfg = Debug|Any CPU
		{4A854EA5-6EE6-4DD2-9DFB-D73C7D97F6FF}.Debug|ARM.Build.0 = Debug|Any CPU
		{4A854EA5-6EE6-4DD2-9DFB-D73C7D97F6FF}.Debug|x86.ActiveCfg = Debug|Any CPU
		{4A854EA5-6EE6-4DD2-9DFB-D73C7D97F6FF}.Debug|x86.Build.0 = Debug|Any CPU
		{4A854EA5-6EE6-4DD2-9DFB-D73C7D97F6FF}.Release|Any CPU.ActiveCfg = Release|Any CPU
		{4A854EA5-6EE6-4DD2-9DFB-D73C7D97F6FF}.Release|Any CPU.Build.0 = Release|Any CPU
		{4A854EA5-6EE6-4DD2-9DFB-D73C7D97F6FF}.Release|ARM.ActiveCfg = Release|Any CPU
		{4A854EA5-6EE6-4DD2-9DFB-D73C7D97F6FF}.Release|ARM.Build.0 = Release|Any CPU
		{4A854EA5-6EE6-4DD2-9DFB-D73C7D97F6FF}.Release|x86.ActiveCfg = Release|Any CPU
		{4A854EA5-6EE6-4DD2-9DFB-D73C7D97F6FF}.Release|x86.Build.0 = Release|Any CPU
		{367E84C1-CF42-4756-9D1D-D51CEE09799C}.Debug|Any CPU.ActiveCfg = Debug|Any CPU
		{367E84C1-CF42-4756-9D1D-D51CEE09799C}.Debug|Any CPU.Build.0 = Debug|Any CPU
		{367E84C1-CF42-4756-9D1D-D51CEE09799C}.Debug|ARM.ActiveCfg = Debug|Any CPU
		{367E84C1-CF42-4756-9D1D-D51CEE09799C}.Debug|ARM.Build.0 = Debug|Any CPU
		{367E84C1-CF42-4756-9D1D-D51CEE09799C}.Debug|x86.ActiveCfg = Debug|Any CPU
		{367E84C1-CF42-4756-9D1D-D51CEE09799C}.Debug|x86.Build.0 = Debug|Any CPU
		{367E84C1-CF42-4756-9D1D-D51CEE09799C}.Release|Any CPU.ActiveCfg = Release|Any CPU
		{367E84C1-CF42-4756-9D1D-D51CEE09799C}.Release|Any CPU.Build.0 = Release|Any CPU
		{367E84C1-CF42-4756-9D1D-D51CEE09799C}.Release|ARM.ActiveCfg = Release|Any CPU
		{367E84C1-CF42-4756-9D1D-D51CEE09799C}.Release|ARM.Build.0 = Release|Any CPU
		{367E84C1-CF42-4756-9D1D-D51CEE09799C}.Release|x86.ActiveCfg = Release|Any CPU
		{367E84C1-CF42-4756-9D1D-D51CEE09799C}.Release|x86.Build.0 = Release|Any CPU
		{30F62DF7-D3F1-42E0-BF1C-EC4E7023AF0E}.Debug|Any CPU.ActiveCfg = Debug|Any CPU
		{30F62DF7-D3F1-42E0-BF1C-EC4E7023AF0E}.Debug|Any CPU.Build.0 = Debug|Any CPU
		{30F62DF7-D3F1-42E0-BF1C-EC4E7023AF0E}.Debug|ARM.ActiveCfg = Debug|Any CPU
		{30F62DF7-D3F1-42E0-BF1C-EC4E7023AF0E}.Debug|ARM.Build.0 = Debug|Any CPU
		{30F62DF7-D3F1-42E0-BF1C-EC4E7023AF0E}.Debug|x86.ActiveCfg = Debug|Any CPU
		{30F62DF7-D3F1-42E0-BF1C-EC4E7023AF0E}.Debug|x86.Build.0 = Debug|Any CPU
		{30F62DF7-D3F1-42E0-BF1C-EC4E7023AF0E}.Release|Any CPU.ActiveCfg = Release|Any CPU
		{30F62DF7-D3F1-42E0-BF1C-EC4E7023AF0E}.Release|Any CPU.Build.0 = Release|Any CPU
		{30F62DF7-D3F1-42E0-BF1C-EC4E7023AF0E}.Release|ARM.ActiveCfg = Release|Any CPU
		{30F62DF7-D3F1-42E0-BF1C-EC4E7023AF0E}.Release|ARM.Build.0 = Release|Any CPU
		{30F62DF7-D3F1-42E0-BF1C-EC4E7023AF0E}.Release|x86.ActiveCfg = Release|Any CPU
		{30F62DF7-D3F1-42E0-BF1C-EC4E7023AF0E}.Release|x86.Build.0 = Release|Any CPU
		{B8E7FBBD-5B3B-4797-BA5D-D5D80E29D29F}.Debug|Any CPU.ActiveCfg = Debug|Any CPU
		{B8E7FBBD-5B3B-4797-BA5D-D5D80E29D29F}.Debug|Any CPU.Build.0 = Debug|Any CPU
		{B8E7FBBD-5B3B-4797-BA5D-D5D80E29D29F}.Debug|Any CPU.Deploy.0 = Debug|Any CPU
		{B8E7FBBD-5B3B-4797-BA5D-D5D80E29D29F}.Debug|ARM.ActiveCfg = Debug|ARM
		{B8E7FBBD-5B3B-4797-BA5D-D5D80E29D29F}.Debug|ARM.Build.0 = Debug|ARM
		{B8E7FBBD-5B3B-4797-BA5D-D5D80E29D29F}.Debug|ARM.Deploy.0 = Debug|ARM
		{B8E7FBBD-5B3B-4797-BA5D-D5D80E29D29F}.Debug|x86.ActiveCfg = Debug|x86
		{B8E7FBBD-5B3B-4797-BA5D-D5D80E29D29F}.Debug|x86.Build.0 = Debug|x86
		{B8E7FBBD-5B3B-4797-BA5D-D5D80E29D29F}.Debug|x86.Deploy.0 = Debug|x86
		{B8E7FBBD-5B3B-4797-BA5D-D5D80E29D29F}.Release|Any CPU.ActiveCfg = Release|Any CPU
		{B8E7FBBD-5B3B-4797-BA5D-D5D80E29D29F}.Release|Any CPU.Build.0 = Release|Any CPU
		{B8E7FBBD-5B3B-4797-BA5D-D5D80E29D29F}.Release|Any CPU.Deploy.0 = Release|Any CPU
		{B8E7FBBD-5B3B-4797-BA5D-D5D80E29D29F}.Release|ARM.ActiveCfg = Release|ARM
		{B8E7FBBD-5B3B-4797-BA5D-D5D80E29D29F}.Release|ARM.Build.0 = Release|ARM
		{B8E7FBBD-5B3B-4797-BA5D-D5D80E29D29F}.Release|ARM.Deploy.0 = Release|ARM
		{B8E7FBBD-5B3B-4797-BA5D-D5D80E29D29F}.Release|x86.ActiveCfg = Release|x86
		{B8E7FBBD-5B3B-4797-BA5D-D5D80E29D29F}.Release|x86.Build.0 = Release|x86
		{B8E7FBBD-5B3B-4797-BA5D-D5D80E29D29F}.Release|x86.Deploy.0 = Release|x86
		{10016007-5160-4959-BF05-E0C55C8DDDA9}.Debug|Any CPU.ActiveCfg = Debug|Any CPU
		{10016007-5160-4959-BF05-E0C55C8DDDA9}.Debug|Any CPU.Build.0 = Debug|Any CPU
		{10016007-5160-4959-BF05-E0C55C8DDDA9}.Debug|ARM.ActiveCfg = Debug|Any CPU
		{10016007-5160-4959-BF05-E0C55C8DDDA9}.Debug|ARM.Build.0 = Debug|Any CPU
		{10016007-5160-4959-BF05-E0C55C8DDDA9}.Debug|x86.ActiveCfg = Debug|Any CPU
		{10016007-5160-4959-BF05-E0C55C8DDDA9}.Debug|x86.Build.0 = Debug|Any CPU
		{10016007-5160-4959-BF05-E0C55C8DDDA9}.Release|Any CPU.ActiveCfg = Release|Any CPU
		{10016007-5160-4959-BF05-E0C55C8DDDA9}.Release|Any CPU.Build.0 = Release|Any CPU
		{10016007-5160-4959-BF05-E0C55C8DDDA9}.Release|ARM.ActiveCfg = Release|Any CPU
		{10016007-5160-4959-BF05-E0C55C8DDDA9}.Release|ARM.Build.0 = Release|Any CPU
		{10016007-5160-4959-BF05-E0C55C8DDDA9}.Release|x86.ActiveCfg = Release|Any CPU
		{10016007-5160-4959-BF05-E0C55C8DDDA9}.Release|x86.Build.0 = Release|Any CPU
		{0D5CD7BC-71CA-45CF-87B1-4350F29B56A8}.Debug|Any CPU.ActiveCfg = Debug|Any CPU
		{0D5CD7BC-71CA-45CF-87B1-4350F29B56A8}.Debug|Any CPU.Build.0 = Debug|Any CPU
		{0D5CD7BC-71CA-45CF-87B1-4350F29B56A8}.Debug|ARM.ActiveCfg = Debug|Any CPU
		{0D5CD7BC-71CA-45CF-87B1-4350F29B56A8}.Debug|ARM.Build.0 = Debug|Any CPU
		{0D5CD7BC-71CA-45CF-87B1-4350F29B56A8}.Debug|x86.ActiveCfg = Debug|Any CPU
		{0D5CD7BC-71CA-45CF-87B1-4350F29B56A8}.Debug|x86.Build.0 = Debug|Any CPU
		{0D5CD7BC-71CA-45CF-87B1-4350F29B56A8}.Release|Any CPU.ActiveCfg = Release|Any CPU
		{0D5CD7BC-71CA-45CF-87B1-4350F29B56A8}.Release|Any CPU.Build.0 = Release|Any CPU
		{0D5CD7BC-71CA-45CF-87B1-4350F29B56A8}.Release|ARM.ActiveCfg = Release|Any CPU
		{0D5CD7BC-71CA-45CF-87B1-4350F29B56A8}.Release|ARM.Build.0 = Release|Any CPU
		{0D5CD7BC-71CA-45CF-87B1-4350F29B56A8}.Release|x86.ActiveCfg = Release|Any CPU
		{0D5CD7BC-71CA-45CF-87B1-4350F29B56A8}.Release|x86.Build.0 = Release|Any CPU
		{04C1A95A-53C9-4AE0-B4AA-4010858B3DC4}.Debug|Any CPU.ActiveCfg = Debug|Any CPU
		{04C1A95A-53C9-4AE0-B4AA-4010858B3DC4}.Debug|Any CPU.Build.0 = Debug|Any CPU
		{04C1A95A-53C9-4AE0-B4AA-4010858B3DC4}.Debug|ARM.ActiveCfg = Debug|Any CPU
		{04C1A95A-53C9-4AE0-B4AA-4010858B3DC4}.Debug|ARM.Build.0 = Debug|Any CPU
		{04C1A95A-53C9-4AE0-B4AA-4010858B3DC4}.Debug|x86.ActiveCfg = Debug|Any CPU
		{04C1A95A-53C9-4AE0-B4AA-4010858B3DC4}.Debug|x86.Build.0 = Debug|Any CPU
		{04C1A95A-53C9-4AE0-B4AA-4010858B3DC4}.Release|Any CPU.ActiveCfg = Release|Any CPU
		{04C1A95A-53C9-4AE0-B4AA-4010858B3DC4}.Release|Any CPU.Build.0 = Release|Any CPU
		{04C1A95A-53C9-4AE0-B4AA-4010858B3DC4}.Release|ARM.ActiveCfg = Release|Any CPU
		{04C1A95A-53C9-4AE0-B4AA-4010858B3DC4}.Release|ARM.Build.0 = Release|Any CPU
		{04C1A95A-53C9-4AE0-B4AA-4010858B3DC4}.Release|x86.ActiveCfg = Release|Any CPU
		{04C1A95A-53C9-4AE0-B4AA-4010858B3DC4}.Release|x86.Build.0 = Release|Any CPU
	EndGlobalSection
	GlobalSection(SolutionProperties) = preSolution
		HideSolutionNode = FALSE
	EndGlobalSection
EndGlobal
